// !$*UTF8*$!
{
	archiveVersion = 1;
	classes = {
	};
	objectVersion = 46;
	objects = {

/* Begin PBXBuildFile section */
		25F57EFAC1C1B709C5DF8977192729FB3EF71FEFCB354549 /* Component.cpp in Sources */ = {isa = PBXBuildFile; fileRef = DC37DCEFB1541CB1A3C5E223E34D676324B7040B5D2CA2F1 /* Component.cpp */; };
		2E1B67737A1779A275C3EB8EBE661F142FAC5AEA008D57E2 /* SDL2.framework in Frameworks */ = {isa = PBXBuildFile; fileRef = 4526DD8DC23E91AA1EF440AAE40A3EDC8ABF9B5020BF67EA /* SDL2.framework */; };
		311944F86BA94FD4ABA186ACB093A6F4A287C60D30733D /* Entity.cpp in Sources */ = {isa = PBXBuildFile; fileRef = 9904780E856FB06572D1DB2BA73B5D97DE9D35D0E3F086A5 /* Entity.cpp */; };
		5FA4BABD0AC525AA6E12BFD2FEC46F1C705AF89183AF83EA /* RenderSystem.cpp in Sources */ = {isa = PBXBuildFile; fileRef = 489509E1F9176212E5C063E93D2B334481CAC97830FCB852 /* RenderSystem.cpp */; };
		64204FE1C36B13A0A6C965DD6554AF9276440E5E5C7BC1E0 /* Application.cpp in Sources */ = {isa = PBXBuildFile; fileRef = 2492CEEF7BAD3228614BD67349D085DA58423136D0DED868 /* Application.cpp */; };
		80B5918A88B3ABBC59BC0E0FB997A3AE675BC3DECCAFD9FC /* Log.cpp in Sources */ = {isa = PBXBuildFile; fileRef = C132EF2CC33E4A84C340ECC8E9647A36D84F16BC506B70C4 /* Log.cpp */; };
		D41D0A048EF309896FB3C45A8E95ECBBAEC4231C8EA9FC9 /* WorldManager.cpp in Sources */ = {isa = PBXBuildFile; fileRef = 82BFEA40EC4E073122A9F4BD43B37A239BC18B35F5C19571 /* WorldManager.cpp */; };
		E448B6D3DE367DA6758F3A3FA0F6DE18E5606DAFE2BBBE6 /* SDL2_image.framework in Frameworks */ = {isa = PBXBuildFile; fileRef = 2C8E5A1F8462E96E7BA751CF68A9F1A099F6B90EC971FAE /* SDL2_image.framework */; };
		EDDE5CD01F6B598D3586E0EB63B9FEFFEF6F5046A5E137CD /* System.cpp in Sources */ = {isa = PBXBuildFile; fileRef = 7CC9949CF5F493F55696F7BA17C04127C262525F54756A35 /* System.cpp */; };
/* End PBXBuildFile section */

/* Begin PBXFileReference section */
		2492CEEF7BAD3228614BD67349D085DA58423136D0DED868 /* Application.cpp */ = {isa = PBXFileReference; lastKnownFileType = sourcecode.cpp.cpp; name = Application.cpp; path = src/PUK/Application.cpp; sourceTree = "<group>"; };
		2C8E5A1F8462E96E7BA751CF68A9F1A099F6B90EC971FAE /* SDL2_image.framework */ = {isa = PBXFileReference; lastKnownFileType = wrapper.framework; name = SDL2_image.framework; path = System/Library/Frameworks/SDL2_image.framework; sourceTree = SDKROOT; };
		30544D88E698FE4732624B250CBF2DF94770751873C62487 /* PUK.hpp */ = {isa = PBXFileReference; lastKnownFileType = text; name = PUK.hpp; path = include/PUK.hpp; sourceTree = "<group>"; };
		3A3B71FECBC97EFE895469AEB0108730174C837033FDB53E /* EntryPoint.hpp */ = {isa = PBXFileReference; lastKnownFileType = text; name = EntryPoint.hpp; path = include/PUK/EntryPoint.hpp; sourceTree = "<group>"; };
		4526DD8DC23E91AA1EF440AAE40A3EDC8ABF9B5020BF67EA /* SDL2.framework */ = {isa = PBXFileReference; lastKnownFileType = wrapper.framework; name = SDL2.framework; path = System/Library/Frameworks/SDL2.framework; sourceTree = SDKROOT; };
		489509E1F9176212E5C063E93D2B334481CAC97830FCB852 /* RenderSystem.cpp */ = {isa = PBXFileReference; lastKnownFileType = sourcecode.cpp.cpp; name = RenderSystem.cpp; path = src/Systems/RenderSystem.cpp; sourceTree = "<group>"; };
		765350F1C27F2789F310A7EFB450CAA5E00C31ED74E68B8 /* RenderSystem.hpp */ = {isa = PBXFileReference; lastKnownFileType = text; name = RenderSystem.hpp; path = include/Systems/RenderSystem.hpp; sourceTree = "<group>"; };
		7CC9949CF5F493F55696F7BA17C04127C262525F54756A35 /* System.cpp */ = {isa = PBXFileReference; lastKnownFileType = sourcecode.cpp.cpp; name = System.cpp; path = src/ECS/System.cpp; sourceTree = "<group>"; };
		7F84FF991856A677C22E1594BA40426991A8BE15B16754B7 /* WorldManager.hpp */ = {isa = PBXFileReference; lastKnownFileType = text; name = WorldManager.hpp; path = include/Worlds/WorldManager.hpp; sourceTree = "<group>"; };
		82BFEA40EC4E073122A9F4BD43B37A239BC18B35F5C19571 /* WorldManager.cpp */ = {isa = PBXFileReference; lastKnownFileType = sourcecode.cpp.cpp; name = WorldManager.cpp; path = src/Worlds/WorldManager.cpp; sourceTree = "<group>"; };
		9904780E856FB06572D1DB2BA73B5D97DE9D35D0E3F086A5 /* Entity.cpp */ = {isa = PBXFileReference; lastKnownFileType = sourcecode.cpp.cpp; name = Entity.cpp; path = src/ECS/Entity.cpp; sourceTree = "<group>"; };
		C132EF2CC33E4A84C340ECC8E9647A36D84F16BC506B70C4 /* Log.cpp */ = {isa = PBXFileReference; lastKnownFileType = sourcecode.cpp.cpp; name = Log.cpp; path = src/PUK/Log.cpp; sourceTree = "<group>"; };
		C4DB1B3538DF973719422B90702EAE9F88A7D7C8E113D77 /* Component.hpp */ = {isa = PBXFileReference; lastKnownFileType = text; name = Component.hpp; path = include/ECS/Component.hpp; sourceTree = "<group>"; };
		CD5A524C117E2F8BC7305F775EE125BD88C6CF28D50025CB /* Entity.hpp */ = {isa = PBXFileReference; lastKnownFileType = text; name = Entity.hpp; path = include/ECS/Entity.hpp; sourceTree = "<group>"; };
		DC37DCEFB1541CB1A3C5E223E34D676324B7040B5D2CA2F1 /* Component.cpp */ = {isa = PBXFileReference; lastKnownFileType = sourcecode.cpp.cpp; name = Component.cpp; path = src/ECS/Component.cpp; sourceTree = "<group>"; };
		DC8F80D4BBB7796E55C5240ECDE15620422AB44101D23FAE /* Application.hpp */ = {isa = PBXFileReference; lastKnownFileType = text; name = Application.hpp; path = include/PUK/Application.hpp; sourceTree = "<group>"; };
		E14F046ADD8E17CAF1D225D05C8D07CF24C5629ED645E0A /* Log.hpp */ = {isa = PBXFileReference; lastKnownFileType = text; name = Log.hpp; path = include/PUK/Log.hpp; sourceTree = "<group>"; };
		E68453988CAF48D5BFCA919586154A474C10D0EA79B0A715 /* libPUKEngine.a */ = {isa = PBXFileReference; explicitFileType = archive.ar; includeInIndex = 0; name = libPUKEngine.a; path = libPUKEngine.a; sourceTree = BUILT_PRODUCTS_DIR; };
		F46C6CB69CE0371BEE4279E1EA432D4DAFD8E99360622D5B /* System.hpp */ = {isa = PBXFileReference; lastKnownFileType = text; name = System.hpp; path = include/ECS/System.hpp; sourceTree = "<group>"; };
/* End PBXFileReference section */

/* Begin PBXFrameworksBuildPhase section */
		716DCD7BEE3C1BC5391FF1535FC7343767D91D40EC85A05 /* Frameworks */ = {
			isa = PBXFrameworksBuildPhase;
			buildActionMask = 2147483647;
			files = (
				2E1B67737A1779A275C3EB8EBE661F142FAC5AEA008D57E2 /* SDL2.framework in Frameworks */,
				E448B6D3DE367DA6758F3A3FA0F6DE18E5606DAFE2BBBE6 /* SDL2_image.framework in Frameworks */,
			);
			runOnlyForDeploymentPostprocessing = 0;
		};
/* End PBXFrameworksBuildPhase section */

/* Begin PBXGroup section */
		359A5E0E246A373F798F2F40747DCBF17E935046F6FBFD7F /* PUK */ = {
			isa = PBXGroup;
			children = (
				2492CEEF7BAD3228614BD67349D085DA58423136D0DED868 /* Application.cpp */,
				C132EF2CC33E4A84C340ECC8E9647A36D84F16BC506B70C4 /* Log.cpp */,
			);
			name = PUK;
			sourceTree = "<group>";
		};
		49755AD7BBF7678180163982A7E87333BFF7C341FA200DC1 /* Frameworks */ = {
			isa = PBXGroup;
			children = (
				4526DD8DC23E91AA1EF440AAE40A3EDC8ABF9B5020BF67EA /* SDL2.framework */,
				2C8E5A1F8462E96E7BA751CF68A9F1A099F6B90EC971FAE /* SDL2_image.framework */,
			);
			name = Frameworks;
			sourceTree = "<group>";
		};
		5F05ACCA9EE0D2914689700743337043832BDD6A556BB8D1 /* ECS */ = {
			isa = PBXGroup;
			children = (
				C4DB1B3538DF973719422B90702EAE9F88A7D7C8E113D77 /* Component.hpp */,
				CD5A524C117E2F8BC7305F775EE125BD88C6CF28D50025CB /* Entity.hpp */,
				F46C6CB69CE0371BEE4279E1EA432D4DAFD8E99360622D5B /* System.hpp */,
			);
			name = ECS;
			sourceTree = "<group>";
		};
		65600FDA85AE340F2356AEA0289C5AC19C685F36B7C23A4F /* Systems */ = {
			isa = PBXGroup;
			children = (
				489509E1F9176212E5C063E93D2B334481CAC97830FCB852 /* RenderSystem.cpp */,
			);
			name = Systems;
			sourceTree = "<group>";
		};
		7806C7175E8C72505F8A8A5402DF10029C2CF7B715175890 /* include */ = {
			isa = PBXGroup;
			children = (
				5F05ACCA9EE0D2914689700743337043832BDD6A556BB8D1 /* ECS */,
				B22BE2F45624E51B99AFA630FA7782CDD65213940CAFCB5B /* PUK */,
				30544D88E698FE4732624B250CBF2DF94770751873C62487 /* PUK.hpp */,
				9986DB87672643EB9B94D9238D4C739DB0A30316F4536A2B /* Systems */,
				C8318310B0747911DE4AE9CAC7871443E28B1A41B7A30F51 /* Worlds */,
			);
			name = include;
			sourceTree = "<group>";
		};
		8388DEA417E8DB355B0A639B1B59AD6749FDB60B9CC65175 /* Worlds */ = {
			isa = PBXGroup;
			children = (
				82BFEA40EC4E073122A9F4BD43B37A239BC18B35F5C19571 /* WorldManager.cpp */,
			);
			name = Worlds;
			sourceTree = "<group>";
		};
		8E1F9F995775D418C4C07E444366DFCA4A20803959E7A58 /* src */ = {
			isa = PBXGroup;
			children = (
				9786D2247FA15735DB7BA356CFB4EBE7E07FC45D52331D75 /* ECS */,
				359A5E0E246A373F798F2F40747DCBF17E935046F6FBFD7F /* PUK */,
				65600FDA85AE340F2356AEA0289C5AC19C685F36B7C23A4F /* Systems */,
				8388DEA417E8DB355B0A639B1B59AD6749FDB60B9CC65175 /* Worlds */,
			);
			name = src;
			sourceTree = "<group>";
		};
		8F0A3210E16EE4063B5CA56B64B44178E7F6DFE58DFBC246 /* PUKEngine */ = {
			isa = PBXGroup;
			children = (
				7806C7175E8C72505F8A8A5402DF10029C2CF7B715175890 /* include */,
				8E1F9F995775D418C4C07E444366DFCA4A20803959E7A58 /* src */,
				49755AD7BBF7678180163982A7E87333BFF7C341FA200DC1 /* Frameworks */,
				DE2FD571A6C936B48E134D4D9B3FADE6BA17F9BDEA134CF4 /* Products */,
			);
			name = PUKEngine;
			sourceTree = "<group>";
		};
		9786D2247FA15735DB7BA356CFB4EBE7E07FC45D52331D75 /* ECS */ = {
			isa = PBXGroup;
			children = (
				DC37DCEFB1541CB1A3C5E223E34D676324B7040B5D2CA2F1 /* Component.cpp */,
				9904780E856FB06572D1DB2BA73B5D97DE9D35D0E3F086A5 /* Entity.cpp */,
				7CC9949CF5F493F55696F7BA17C04127C262525F54756A35 /* System.cpp */,
			);
			name = ECS;
			sourceTree = "<group>";
		};
		9986DB87672643EB9B94D9238D4C739DB0A30316F4536A2B /* Systems */ = {
			isa = PBXGroup;
			children = (
				765350F1C27F2789F310A7EFB450CAA5E00C31ED74E68B8 /* RenderSystem.hpp */,
			);
			name = Systems;
			sourceTree = "<group>";
		};
		B22BE2F45624E51B99AFA630FA7782CDD65213940CAFCB5B /* PUK */ = {
			isa = PBXGroup;
			children = (
				DC8F80D4BBB7796E55C5240ECDE15620422AB44101D23FAE /* Application.hpp */,
				3A3B71FECBC97EFE895469AEB0108730174C837033FDB53E /* EntryPoint.hpp */,
				E14F046ADD8E17CAF1D225D05C8D07CF24C5629ED645E0A /* Log.hpp */,
			);
			name = PUK;
			sourceTree = "<group>";
		};
		C8318310B0747911DE4AE9CAC7871443E28B1A41B7A30F51 /* Worlds */ = {
			isa = PBXGroup;
			children = (
				7F84FF991856A677C22E1594BA40426991A8BE15B16754B7 /* WorldManager.hpp */,
			);
			name = Worlds;
			sourceTree = "<group>";
		};
		DE2FD571A6C936B48E134D4D9B3FADE6BA17F9BDEA134CF4 /* Products */ = {
			isa = PBXGroup;
			children = (
				E68453988CAF48D5BFCA919586154A474C10D0EA79B0A715 /* libPUKEngine.a */,
			);
			name = Products;
			sourceTree = "<group>";
		};
/* End PBXGroup section */

/* Begin PBXNativeTarget section */
		6FCD3CFDF96DA1B1D163A89F6A9754D21566B00E6C5705B /* PUKEngine */ = {
			isa = PBXNativeTarget;
			buildConfigurationList = 716DCD7ADC776424391FF1524E027C9667D91D2FD03A264 /* Build configuration list for PBXNativeTarget "PUKEngine" */;
			buildPhases = (
				716DCD7F5E239C65391FF156CFAEB4D767D91D77EAFDAA5 /* Resources */,
				716DCD7FC7D0B5BC391FF157395BCE2E67D91D7E85CF3FC /* Sources */,
				716DCD7BEE3C1BC5391FF1535FC7343767D91D40EC85A05 /* Frameworks */,
			);
			buildRules = (
			);
			dependencies = (
			);
			name = PUKEngine;
			productName = PUKEngine;
			productReference = E68453988CAF48D5BFCA919586154A474C10D0EA79B0A715 /* libPUKEngine.a */;
			productType = "com.apple.product-type.library.static";
		};
/* End PBXNativeTarget section */

/* Begin PBXProject section */
		08FB7793FE84155DC02AAC07 /* Project object */ = {
			isa = PBXProject;
			buildConfigurationList = 1DEB928908733DD80010E9CD /* Build configuration list for PBXProject "PUKEngine" */;
			compatibilityVersion = "Xcode 3.2";
			hasScannedForEncodings = 1;
			mainGroup = 8F0A3210E16EE4063B5CA56B64B44178E7F6DFE58DFBC246 /* PUKEngine */;
			projectDirPath = "";
			projectRoot = "";
			targets = (
				6FCD3CFDF96DA1B1D163A89F6A9754D21566B00E6C5705B /* libPUKEngine.a */,
			);
		};
/* End PBXProject section */

/* Begin PBXResourcesBuildPhase section */
		716DCD7F5E239C65391FF156CFAEB4D767D91D77EAFDAA5 /* Resources */ = {
			isa = PBXResourcesBuildPhase;
			buildActionMask = 2147483647;
			files = (
			);
			runOnlyForDeploymentPostprocessing = 0;
		};
/* End PBXResourcesBuildPhase section */

/* Begin PBXSourcesBuildPhase section */
		716DCD7FC7D0B5BC391FF157395BCE2E67D91D7E85CF3FC /* Sources */ = {
			isa = PBXSourcesBuildPhase;
			buildActionMask = 2147483647;
			files = (
				25F57EFAC1C1B709C5DF8977192729FB3EF71FEFCB354549 /* Component.cpp in Sources */,
				311944F86BA94FD4ABA186ACB093A6F4A287C60D30733D /* Entity.cpp in Sources */,
				EDDE5CD01F6B598D3586E0EB63B9FEFFEF6F5046A5E137CD /* System.cpp in Sources */,
				64204FE1C36B13A0A6C965DD6554AF9276440E5E5C7BC1E0 /* Application.cpp in Sources */,
				80B5918A88B3ABBC59BC0E0FB997A3AE675BC3DECCAFD9FC /* Log.cpp in Sources */,
				5FA4BABD0AC525AA6E12BFD2FEC46F1C705AF89183AF83EA /* RenderSystem.cpp in Sources */,
				D41D0A048EF309896FB3C45A8E95ECBBAEC4231C8EA9FC9 /* WorldManager.cpp in Sources */,
			);
			runOnlyForDeploymentPostprocessing = 0;
		};
/* End PBXSourcesBuildPhase section */

/* Begin PBXVariantGroup section */
/* End PBXVariantGroup section */

/* Begin XCBuildConfiguration section */
		2DA7FE0995CC3B55152BC1463A1ED90751CE2EA94C572195 /* Debug */ = {
			isa = XCBuildConfiguration;
			buildSettings = {
				ARCHS = "$(NATIVE_ARCH_ACTUAL)";
				CLANG_CXX_LANGUAGE_STANDARD = "c++1z";
				CONFIGURATION_BUILD_DIR = "$(SYMROOT)";
				CONFIGURATION_TEMP_DIR = "$(OBJROOT)";
				COPY_PHASE_STRIP = NO;
				FRAMEWORK_SEARCH_PATHS = (
					/Library/Frameworks,
				);
				GCC_ENABLE_FIX_AND_CONTINUE = YES;
				GCC_OPTIMIZATION_LEVEL = 0;
				GCC_PREPROCESSOR_DEFINITIONS = (
					PUK_OSX,
				);
				GCC_SYMBOLS_PRIVATE_EXTERN = NO;
				GCC_WARN_ABOUT_RETURN_TYPE = YES;
				GCC_WARN_UNUSED_VARIABLE = YES;
				OBJROOT = "../../bin-int/Debug-macosx-x86_64/PUKEngine";
				ONLY_ACTIVE_ARCH = YES;
				SYMROOT = "../../bin/Debug-macosx-x86_64/PUKEngine";
				USER_HEADER_SEARCH_PATHS = (
					../../vendor/spdlog/include,
					include,
				);
			};
			name = Debug;
		};
		37EBE06C2E303ECFF6D656331A11101FE60B7D3B30DB50F /* Release */ = {
			isa = XCBuildConfiguration;
			buildSettings = {
				ARCHS = "$(NATIVE_ARCH_ACTUAL)";
				CLANG_CXX_LANGUAGE_STANDARD = "c++1z";
				CONFIGURATION_BUILD_DIR = "$(SYMROOT)";
				CONFIGURATION_TEMP_DIR = "$(OBJROOT)";
				FRAMEWORK_SEARCH_PATHS = (
					/Library/Frameworks,
				);
				GCC_OPTIMIZATION_LEVEL = 3;
				GCC_PREPROCESSOR_DEFINITIONS = (
					PUK_OSX,
				);
				GCC_SYMBOLS_PRIVATE_EXTERN = NO;
				GCC_WARN_ABOUT_RETURN_TYPE = YES;
				GCC_WARN_UNUSED_VARIABLE = YES;
				OBJROOT = "../../bin-int/Release-macosx-x86_64/PUKEngine";
				ONLY_ACTIVE_ARCH = NO;
				SYMROOT = "../../bin/Release-macosx-x86_64/PUKEngine";
				USER_HEADER_SEARCH_PATHS = (
					../../vendor/spdlog/include,
					include,
				);
			};
			name = Release;
		};
		7DBC08ECD7CECEEA9135CFAE3310225C766C7EFB066A6D2A /* Debug */ = {
			isa = XCBuildConfiguration;
			buildSettings = {
				ALWAYS_SEARCH_USER_PATHS = NO;
				CONFIGURATION_BUILD_DIR = "../../bin/Debug-macosx-x86_64/PUKEngine";
				DEBUG_INFORMATION_FORMAT = "dwarf-with-dsym";
				GCC_DYNAMIC_NO_PIC = NO;
				INSTALL_PATH = /usr/local/lib;
				PRODUCT_NAME = PUKEngine;
			};
			name = Debug;
		};
		FF9727734D814C64D89DA3F87E654456E63D59C7917D7AA4 /* Release */ = {
			isa = XCBuildConfiguration;
			buildSettings = {
				ALWAYS_SEARCH_USER_PATHS = NO;
				CONFIGURATION_BUILD_DIR = "../../bin/Release-macosx-x86_64/PUKEngine";
				DEBUG_INFORMATION_FORMAT = "dwarf-with-dsym";
				GCC_DYNAMIC_NO_PIC = NO;
				INSTALL_PATH = /usr/local/lib;
				PRODUCT_NAME = PUKEngine;
			};
			name = Release;
		};
/* End XCBuildConfiguration section */

/* Begin XCConfigurationList section */
		1DEB928908733DD80010E9CD /* Build configuration list for PBXProject "PUKEngine" */ = {
			isa = XCConfigurationList;
			buildConfigurations = (
				2DA7FE0995CC3B55152BC1463A1ED90751CE2EA94C572195 /* Debug */,
				37EBE06C2E303ECFF6D656331A11101FE60B7D3B30DB50F /* Release */,
			);
			defaultConfigurationIsVisible = 0;
			defaultConfigurationName = Debug;
		};
		716DCD7ADC776424391FF1524E027C9667D91D2FD03A264 /* Build configuration list for PBXNativeTarget "libPUKEngine.a" */ = {
			isa = XCConfigurationList;
			buildConfigurations = (
				7DBC08ECD7CECEEA9135CFAE3310225C766C7EFB066A6D2A /* Debug */,
				FF9727734D814C64D89DA3F87E654456E63D59C7917D7AA4 /* Release */,
			);
			defaultConfigurationIsVisible = 0;
			defaultConfigurationName = Debug;
		};
/* End XCConfigurationList section */
};
rootObject = 08FB7793FE84155DC02AAC07 /* Project object */;
}