// !$*UTF8*$!
{
	archiveVersion = 1;
	classes = {
	};
	objectVersion = 46;
	objects = {

/* Begin PBXBuildFile section */
		B68AC1CC0D182C3EE591400C /* main.cpp in Sources */ = {isa = PBXBuildFile; fileRef = E21F5234E590246666FCC874 /* main.cpp */; };
/* End PBXBuildFile section */

/* Begin PBXContainerItemProxy section */
		A7D90F68D76ADE5AB2781DA8 /* PBXContainerItemProxy */ = {
			isa = PBXContainerItemProxy;
			containerPortal = 7A2D59D472153D86A9710014 /* ../PUKEngine/PUKEngine.xcodeproj */;
			proxyType = 2;
			remoteGlobalIDString = 395454F45066F0264082EB34;
			remoteInfo = PUKEngine.lib;
		};
		FA13820129A550F304B29041 /* PBXContainerItemProxy */ = {
			isa = PBXContainerItemProxy;
			containerPortal = 7A2D59D472153D86A9710014 /* ../PUKEngine/PUKEngine.xcodeproj */;
			proxyType = 1;
			remoteGlobalIDString = 49AB5E5A4A5E5B4CBE402C9A;
			remoteInfo = PUKEngine.lib;
		};
/* End PBXContainerItemProxy section */

/* Begin PBXFileReference section */
		7A2D59D472153D86A9710014 /* PUKEngine.lib */ = {isa = PBXFileReference; lastKnownFileType = "wrapper.pb-project"; name = "PUKEngine.xcodeproj"; path = ../PUKEngine/PUKEngine.xcodeproj; sourceTree = SOURCE_ROOT; };
		94AD9308379BB9BAC6C19948 /* Sandbox.exe */ = {isa = PBXFileReference; explicitFileType = "compiled.mach-o.executable"; includeInIndex = 0; name = Sandbox.exe; path = Sandbox.exe; sourceTree = BUILT_PRODUCTS_DIR; };
		E21F5234E590246666FCC874 /* main.cpp */ = {isa = PBXFileReference; lastKnownFileType = sourcecode.cpp.cpp; name = main.cpp; path = src/main.cpp; sourceTree = "<group>"; };
/* End PBXFileReference section */

/* Begin PBXFrameworksBuildPhase section */
		CC3F44787091E22A82CA2AB8 /* Frameworks */ = {
			isa = PBXFrameworksBuildPhase;
			buildActionMask = 2147483647;
			files = (
			);
			runOnlyForDeploymentPostprocessing = 0;
		};
/* End PBXFrameworksBuildPhase section */

/* Begin PBXGroup section */
		6849586FFB54B1614389A6AF /* Sandbox */ = {
			isa = PBXGroup;
			children = (
				E21F5234E590246666FCC874 /* main.cpp */,
				A6C936B49B3FADE6EA134CF4 /* Products */,
				9D968EAA920D05DCE0E0A4EA /* Projects */,
			);
			name = Sandbox;
			sourceTree = "<group>";
		};
		9D968EAA920D05DCE0E0A4EA /* Projects */ = {
			isa = PBXGroup;
			children = (
				7A2D59D472153D86A9710014 /* PUKEngine.xcodeproj */,
			);
			name = Projects;
			sourceTree = "<group>";
		};
		A6C936B49B3FADE6EA134CF4 /* Products */ = {
			isa = PBXGroup;
			children = (
				94AD9308379BB9BAC6C19948 /* Sandbox.exe */,
			);
			name = Products;
			sourceTree = "<group>";
		};
		CC504FA8F48B085ADC2695E8 /* Products */ = {
			isa = PBXGroup;
			children = (
				ECA4453F985AB1F1C5D10B7F /* PUKEngine.lib */,
			);
			name = Products;
			sourceTree = "<group>";
		};
/* End PBXGroup section */

/* Begin PBXNativeTarget section */
		B90B29EE2A964260D997682E /* Sandbox */ = {
			isa = PBXNativeTarget;
			buildConfigurationList = BA7A8CD75ECD2A8971057317 /* Build configuration list for PBXNativeTarget "Sandbox" */;
			buildPhases = (
				3C26C518E07962CAF2B1AB58 /* Resources */,
				A5D3DE6F4A267C215C5EC4AF /* Sources */,
				CC3F44787091E22A82CA2AB8 /* Frameworks */,
			);
			buildRules = (
			);
			dependencies = (
				BA088CB1E2434563C9DED2F1 /* PBXTargetDependency */,
			);
			name = Sandbox;
			productInstallPath = "$(HOME)/bin";
			productName = Sandbox;
			productReference = 94AD9308379BB9BAC6C19948 /* Sandbox.exe */;
			productType = "com.apple.product-type.tool";
		};
/* End PBXNativeTarget section */

/* Begin PBXProject section */
		08FB7793FE84155DC02AAC07 /* Project object */ = {
			isa = PBXProject;
			buildConfigurationList = 1DEB928908733DD80010E9CD /* Build configuration list for PBXProject "Sandbox" */;
			compatibilityVersion = "Xcode 3.2";
			hasScannedForEncodings = 1;
			mainGroup = 6849586FFB54B1614389A6AF /* Sandbox */;
			projectDirPath = "";
			projectReferences = (
				{
					ProductGroup = CC504FA8F48B085ADC2695E8 /* Products */;
					ProjectRef = 7A2D59D472153D86A9710014 /* PUKEngine.xcodeproj */;
				},
			);
			projectRoot = "";
			targets = (
				B90B29EE2A964260D997682E /* Sandbox.exe */,
			);
		};
/* End PBXProject section */

/* Begin PBXReferenceProxy section */
		ECA4453F985AB1F1C5D10B7F /* PUKEngine.lib */ = {
			isa = PBXReferenceProxy;
			fileType = archive.ar;
			path = PUKEngine.lib;
			remoteRef = A7D90F68D76ADE5AB2781DA8 /* PBXContainerItemProxy */;
			sourceTree = BUILT_PRODUCTS_DIR;
		};
/* End PBXReferenceProxy section */

/* Begin PBXResourcesBuildPhase section */
		3C26C518E07962CAF2B1AB58 /* Resources */ = {
			isa = PBXResourcesBuildPhase;
			buildActionMask = 2147483647;
			files = (
			);
			runOnlyForDeploymentPostprocessing = 0;
		};
/* End PBXResourcesBuildPhase section */

/* Begin PBXSourcesBuildPhase section */
		A5D3DE6F4A267C215C5EC4AF /* Sources */ = {
			isa = PBXSourcesBuildPhase;
			buildActionMask = 2147483647;
			files = (
				B68AC1CC0D182C3EE591400C /* main.cpp in Sources */,
			);
			runOnlyForDeploymentPostprocessing = 0;
		};
/* End PBXSourcesBuildPhase section */

/* Begin PBXTargetDependency section */
		BA088CB1E2434563C9DED2F1 /* PBXTargetDependency */ = {
			isa = PBXTargetDependency;
			name = PUKEngine.lib;
			targetProxy = FA13820129A550F304B29041 /* PBXContainerItemProxy */;
		};
/* End PBXTargetDependency section */

/* Begin PBXVariantGroup section */
/* End PBXVariantGroup section */

/* Begin XCBuildConfiguration section */
		2B419C1D537C54CF3B17E25D /* Debug */ = {
			isa = XCBuildConfiguration;
			buildSettings = {
				ALWAYS_SEARCH_USER_PATHS = NO;
				CONFIGURATION_BUILD_DIR = "../../bin/Debug-windows-x86_64/Sandbox";
				DEBUG_INFORMATION_FORMAT = "dwarf-with-dsym";
				GCC_DYNAMIC_NO_PIC = NO;
				INSTALL_PATH = /usr/local/bin;
				PRODUCT_NAME = Sandbox.exe;
			};
			name = Debug;
		};
		48DC32576AA7DF89A75D0897 /* Release */ = {
			isa = XCBuildConfiguration;
			buildSettings = {
				ALWAYS_SEARCH_USER_PATHS = NO;
				CONFIGURATION_BUILD_DIR = "../../bin/Release-windows-x86_64/Sandbox";
				DEBUG_INFORMATION_FORMAT = "dwarf-with-dsym";
				GCC_DYNAMIC_NO_PIC = NO;
				INSTALL_PATH = /usr/local/bin;
				PRODUCT_NAME = Sandbox.exe;
			};
			name = Release;
		};
		D2EB7F98773E1D4A897665D8 /* Release */ = {
			isa = XCBuildConfiguration;
			buildSettings = {
				ARCHS = "$(NATIVE_ARCH_ACTUAL)";
				CLANG_CXX_LANGUAGE_STANDARD = "c++1z";
				CONFIGURATION_BUILD_DIR = "$(SYMROOT)";
				CONFIGURATION_TEMP_DIR = "$(OBJROOT)";
				GCC_OPTIMIZATION_LEVEL = 3;
				GCC_SYMBOLS_PRIVATE_EXTERN = NO;
				GCC_WARN_ABOUT_RETURN_TYPE = YES;
				GCC_WARN_UNUSED_VARIABLE = YES;
				OBJROOT = "../../bin-int/Release-windows-x86_64/Sandbox";
				ONLY_ACTIVE_ARCH = NO;
				SYMROOT = "../../bin/Release-windows-x86_64/Sandbox";
				USER_HEADER_SEARCH_PATHS = (
					../../vendor/spdlog/include,
					../PUKEngine/include,
				);
			};
			name = Release;
		};
		E3FEB5DE874A3F10A21B0C1E /* Debug */ = {
			isa = XCBuildConfiguration;
			buildSettings = {
				ARCHS = "$(NATIVE_ARCH_ACTUAL)";
				CLANG_CXX_LANGUAGE_STANDARD = "c++1z";
				CONFIGURATION_BUILD_DIR = "$(SYMROOT)";
				CONFIGURATION_TEMP_DIR = "$(OBJROOT)";
				COPY_PHASE_STRIP = NO;
				GCC_ENABLE_FIX_AND_CONTINUE = YES;
				GCC_OPTIMIZATION_LEVEL = 0;
				GCC_SYMBOLS_PRIVATE_EXTERN = NO;
				GCC_WARN_ABOUT_RETURN_TYPE = YES;
				GCC_WARN_UNUSED_VARIABLE = YES;
				OBJROOT = "../../bin-int/Debug-windows-x86_64/Sandbox";
				ONLY_ACTIVE_ARCH = YES;
				SYMROOT = "../../bin/Debug-windows-x86_64/Sandbox";
				USER_HEADER_SEARCH_PATHS = (
					../../vendor/spdlog/include,
					../PUKEngine/include,
				);
			};
			name = Debug;
		};
/* End XCBuildConfiguration section */

/* Begin XCConfigurationList section */
		1DEB928908733DD80010E9CD /* Build configuration list for PBXProject "Sandbox" */ = {
			isa = XCConfigurationList;
			buildConfigurations = (
				E3FEB5DE874A3F10A21B0C1E /* Debug */,
				D2EB7F98773E1D4A897665D8 /* Release */,
			);
			defaultConfigurationIsVisible = 0;
			defaultConfigurationName = Debug;
		};
		BA7A8CD75ECD2A8971057317 /* Build configuration list for PBXNativeTarget "Sandbox.exe" */ = {
			isa = XCConfigurationList;
			buildConfigurations = (
				2B419C1D537C54CF3B17E25D /* Debug */,
				48DC32576AA7DF89A75D0897 /* Release */,
			);
			defaultConfigurationIsVisible = 0;
			defaultConfigurationName = Debug;
		};
/* End XCConfigurationList section */
};
rootObject = 08FB7793FE84155DC02AAC07 /* Project object */;
}