// !$*UTF8*$!
{
	archiveVersion = 1;
	classes = {
	};
	objectVersion = 46;
	objects = {

/* Begin PBXBuildFile section */
		2E1B67737A1779A275C3EB8EBE661F142FAC5AEA008D57E2 /* SDL2.framework in Frameworks */ = {isa = PBXBuildFile; fileRef = 4526DD8DC23E91AA1EF440AAE40A3EDC8ABF9B5020BF67EA /* SDL2.framework */; };
		4244907FA2554A833FD630C1848C7DA6258B8F045AEEAE8 /* libPUKEngine.a in Frameworks */ = {isa = PBXBuildFile; fileRef = 90A5FAF6D7295550D5B827C9F9AD5842609398E0D5EEE390 /* libPUKEngine.a */; };
		C54C38DBB68AC1CC334AB5E30D182C3EEC99B774E591400C /* main.cpp in Sources */ = {isa = PBXBuildFile; fileRef = 956E2449E21F52346CEFA940E59024665BE2FBB166FCC874 /* main.cpp */; };
		E448B6D3DE367DA6758F3A3FA0F6DE18E5606DAFE2BBBE6 /* SDL2_image.framework in Frameworks */ = {isa = PBXBuildFile; fileRef = 2C8E5A1F8462E96E7BA751CF68A9F1A099F6B90EC971FAE /* SDL2_image.framework */; };
/* End PBXBuildFile section */

/* Begin PBXContainerItemProxy section */
		A2953137A7D90F688A270D6ED76ADE5AD33CBAD8B2781DA8 /* PBXContainerItemProxy */ = {
			isa = PBXContainerItemProxy;
			containerPortal = 3BFAE1FDA6176435676EEB5D24959F5ED4D276709A51C83 /* ../PUKEngine/PUKEngine.xcodeproj */;
			proxyType = 2;
			remoteGlobalIDString = E68453988CAF48D5BFCA919586154A474C10D0EA79B0A715;
			remoteInfo = libPUKEngine.a;
		};
		A507726DFA1382018C994EA529A550F3D5AEFC0F04B29041 /* PBXContainerItemProxy */ = {
			isa = PBXContainerItemProxy;
			containerPortal = 3BFAE1FDA6176435676EEB5D24959F5ED4D276709A51C83 /* ../PUKEngine/PUKEngine.xcodeproj */;
			proxyType = 1;
			remoteGlobalIDString = 6FCD3CFDF96DA1B1D163A89F6A9754D21566B00E6C5705B;
			remoteInfo = libPUKEngine.a;
		};
/* End PBXContainerItemProxy section */

/* Begin PBXFileReference section */
		2C8E5A1F8462E96E7BA751CF68A9F1A099F6B90EC971FAE /* SDL2_image.framework */ = {isa = PBXFileReference; lastKnownFileType = wrapper.framework; name = SDL2_image.framework; path = System/Library/Frameworks/SDL2_image.framework; sourceTree = SDKROOT; };
		3A59FDDAF8CF3E9821DDC1179D21DC4A5E802E7AAF5A24D8 /* Sandbox */ = {isa = PBXFileReference; explicitFileType = "compiled.mach-o.executable"; includeInIndex = 0; name = Sandbox; path = Sandbox; sourceTree = BUILT_PRODUCTS_DIR; };
		3BFAE1FDA6176435676EEB5D24959F5ED4D276709A51C83 /* libPUKEngine.a */ = {isa = PBXFileReference; lastKnownFileType = "wrapper.pb-project"; name = "PUKEngine.xcodeproj"; path = ../PUKEngine/PUKEngine.xcodeproj; sourceTree = SOURCE_ROOT; };
		4526DD8DC23E91AA1EF440AAE40A3EDC8ABF9B5020BF67EA /* SDL2.framework */ = {isa = PBXFileReference; lastKnownFileType = wrapper.framework; name = SDL2.framework; path = System/Library/Frameworks/SDL2.framework; sourceTree = SDKROOT; };
		956E2449E21F52346CEFA940E59024665BE2FBB166FCC874 /* main.cpp */ = {isa = PBXFileReference; lastKnownFileType = sourcecode.cpp.cpp; name = main.cpp; path = ../Sandbox/src/main.cpp; sourceTree = "<group>"; };
		D2DDDC85735EBBD87758F1A6D20784AFBD9F4FAA71F7A18 /* MenuWorld.hpp */ = {isa = PBXFileReference; lastKnownFileType = text; name = MenuWorld.hpp; path = ../Sandbox/src/Worlds/MenuWorld.hpp; sourceTree = "<group>"; };
/* End PBXFileReference section */

/* Begin PBXFrameworksBuildPhase section */
		FF90C550F9B9A8084385968349CD3CBA4889B789CC4B6E48 /* Frameworks */ = {
			isa = PBXFrameworksBuildPhase;
			buildActionMask = 2147483647;
			files = (
				2E1B67737A1779A275C3EB8EBE661F142FAC5AEA008D57E2 /* SDL2.framework in Frameworks */,
				E448B6D3DE367DA6758F3A3FA0F6DE18E5606DAFE2BBBE6 /* SDL2_image.framework in Frameworks */,
				4244907FA2554A833FD630C1848C7DA6258B8F045AEEAE8 /* libPUKEngine.a in Frameworks */,
			);
			runOnlyForDeploymentPostprocessing = 0;
		};
/* End PBXFrameworksBuildPhase section */

/* Begin PBXGroup section */
		2A1E6F4C8BD337E170FCDFB6C08BCB06DA04AAC86D989BE /* Worlds */ = {
			isa = PBXGroup;
			children = (
				D2DDDC85735EBBD87758F1A6D20784AFBD9F4FAA71F7A18 /* MenuWorld.hpp */,
			);
			name = Worlds;
			sourceTree = "<group>";
		};
		49755AD7BBF7678180163982A7E87333BFF7C341FA200DC1 /* Frameworks */ = {
			isa = PBXGroup;
			children = (
				4526DD8DC23E91AA1EF440AAE40A3EDC8ABF9B5020BF67EA /* SDL2.framework */,
				2C8E5A1F8462E96E7BA751CF68A9F1A099F6B90EC971FAE /* SDL2_image.framework */,
			);
			name = Frameworks;
			sourceTree = "<group>";
		};
		6BA25BEC6849586F1BA17E95FB54B1613BFEBA1D4389A6AF /* Sandbox */ = {
			isa = PBXGroup;
			children = (
				2A1E6F4C8BD337E170FCDFB6C08BCB06DA04AAC86D989BE /* Worlds */,
				956E2449E21F52346CEFA940E59024665BE2FBB166FCC874 /* main.cpp */,
				49755AD7BBF7678180163982A7E87333BFF7C341FA200DC1 /* Frameworks */,
				DE2FD571A6C936B48E134D4D9B3FADE6BA17F9BDEA134CF4 /* Products */,
				DE2FDC7F9D968EAA8E13545B920D05DCBA1800CBE0E0A4EA /* Projects */,
			);
			name = Sandbox;
			sourceTree = "<group>";
		};
		90902844CC504FA8BE5E4636F48B085AA18D7A03DC2695E8 /* Products */ = {
			isa = PBXGroup;
			children = (
				90A5FAF6D7295550D5B827C9F9AD5842609398E0D5EEE390 /* libPUKEngine.a */,
			);
			name = Products;
			sourceTree = "<group>";
		};
		DE2FD571A6C936B48E134D4D9B3FADE6BA17F9BDEA134CF4 /* Products */ = {
			isa = PBXGroup;
			children = (
				3A59FDDAF8CF3E9821DDC1179D21DC4A5E802E7AAF5A24D8 /* Sandbox */,
			);
			name = Products;
			sourceTree = "<group>";
		};
		DE2FDC7F9D968EAA8E13545B920D05DCBA1800CBE0E0A4EA /* Projects */ = {
			isa = PBXGroup;
			children = (
				3BFAE1FDA6176435676EEB5D24959F5ED4D276709A51C83 /* PUKEngine.xcodeproj */,
			);
			name = Projects;
			sourceTree = "<group>";
		};
/* End PBXGroup section */

/* Begin PBXNativeTarget section */
		1C53DD1E2DDA37EA3F005ACEF9A52F0CC9018816484C1BE /* Sandbox */ = {
			isa = PBXNativeTarget;
			buildConfigurationList = FF90C54FE7F4F06743859682380885194889B788BA86B6A7 /* Build configuration list for PBXNativeTarget "Sandbox" */;
			buildPhases = (
				FF90C55469A128A843859686B9B4BD5A4889B78D3C32EEE8 /* Resources */,
				FF90C554D34E41FF438596872361D6B14889B78DA5E0083F /* Sources */,
				FF90C550F9B9A8084385968349CD3CBA4889B789CC4B6E48 /* Frameworks */,
			);
			buildRules = (
			);
			dependencies = (
				90A3227BBA088CB1BE71406DE2434563A1A0743AC9DED2F1 /* PBXTargetDependency */,
			);
			name = Sandbox;
			productInstallPath = "$(HOME)/bin";
			productName = Sandbox;
			productReference = 3A59FDDAF8CF3E9821DDC1179D21DC4A5E802E7AAF5A24D8 /* Sandbox */;
			productType = "com.apple.product-type.tool";
		};
/* End PBXNativeTarget section */

/* Begin PBXProject section */
		08FB7793FE84155DC02AAC07 /* Project object */ = {
			isa = PBXProject;
			buildConfigurationList = 1DEB928908733DD80010E9CD /* Build configuration list for PBXProject "Sandbox" */;
			compatibilityVersion = "Xcode 3.2";
			hasScannedForEncodings = 1;
			mainGroup = 6BA25BEC6849586F1BA17E95FB54B1613BFEBA1D4389A6AF /* Sandbox */;
			projectDirPath = "";
			projectReferences = (
				{
					ProductGroup = 90902844CC504FA8BE5E4636F48B085AA18D7A03DC2695E8 /* Products */;
					ProjectRef = 3BFAE1FDA6176435676EEB5D24959F5ED4D276709A51C83 /* PUKEngine.xcodeproj */;
				},
			);
			projectRoot = "";
			targets = (
				1C53DD1E2DDA37EA3F005ACEF9A52F0CC9018816484C1BE /* Sandbox */,
			);
		};
/* End PBXProject section */

/* Begin PBXReferenceProxy section */
		90A5FAF6D7295550D5B827C9F9AD5842609398E0D5EEE390 /* libPUKEngine.a */ = {
			isa = PBXReferenceProxy;
			fileType = archive.ar;
			path = libPUKEngine.a;
			remoteRef = A2953137A7D90F688A270D6ED76ADE5AD33CBAD8B2781DA8 /* PBXContainerItemProxy */;
			sourceTree = BUILT_PRODUCTS_DIR;
		};
/* End PBXReferenceProxy section */

/* Begin PBXResourcesBuildPhase section */
		FF90C55469A128A843859686B9B4BD5A4889B78D3C32EEE8 /* Resources */ = {
			isa = PBXResourcesBuildPhase;
			buildActionMask = 2147483647;
			files = (
			);
			runOnlyForDeploymentPostprocessing = 0;
		};
/* End PBXResourcesBuildPhase section */

/* Begin PBXSourcesBuildPhase section */
		FF90C554D34E41FF438596872361D6B14889B78DA5E0083F /* Sources */ = {
			isa = PBXSourcesBuildPhase;
			buildActionMask = 2147483647;
			files = (
				C54C38DBB68AC1CC334AB5E30D182C3EEC99B774E591400C /* main.cpp in Sources */,
			);
			runOnlyForDeploymentPostprocessing = 0;
		};
/* End PBXSourcesBuildPhase section */

/* Begin PBXTargetDependency section */
		90A3227BBA088CB1BE71406DE2434563A1A0743AC9DED2F1 /* PBXTargetDependency */ = {
			isa = PBXTargetDependency;
			name = libPUKEngine.a;
			targetProxy = A507726DFA1382018C994EA529A550F3D5AEFC0F04B29041 /* PBXContainerItemProxy */;
		};
/* End PBXTargetDependency section */

/* Begin PBXVariantGroup section */
/* End PBXVariantGroup section */

/* Begin XCBuildConfiguration section */
		26D73137E3FEB5DE3B45183E874A3F1091D594EFA21B0C1E /* Debug */ = {
			isa = XCBuildConfiguration;
			buildSettings = {
				ARCHS = "$(NATIVE_ARCH_ACTUAL)";
				CLANG_CXX_LANGUAGE_STANDARD = "c++1z";
				CONFIGURATION_BUILD_DIR = "$(SYMROOT)";
				CONFIGURATION_TEMP_DIR = "$(OBJROOT)";
				COPY_PHASE_STRIP = NO;
				FRAMEWORK_SEARCH_PATHS = (
					/Library/Frameworks,
				);
				GCC_ENABLE_FIX_AND_CONTINUE = YES;
				GCC_OPTIMIZATION_LEVEL = 0;
				GCC_PREPROCESSOR_DEFINITIONS = (
					PUK_OSX,
				);
				GCC_SYMBOLS_PRIVATE_EXTERN = NO;
				GCC_WARN_ABOUT_RETURN_TYPE = YES;
				GCC_WARN_UNUSED_VARIABLE = YES;
				OBJROOT = "../../bin-int/Debug-macosx-x86_64/Sandbox";
				ONLY_ACTIVE_ARCH = YES;
				SYMROOT = "../../bin/Debug-macosx-x86_64/Sandbox";
				USER_HEADER_SEARCH_PATHS = (
					../../vendor/spdlog/include,
					../PUKEngine/include,
				);
			};
			name = Debug;
		};
		39B49866D2EB7F9821385BA3773E1D4A5DDAC906897665D8 /* Release */ = {
			isa = XCBuildConfiguration;
			buildSettings = {
				ARCHS = "$(NATIVE_ARCH_ACTUAL)";
				CLANG_CXX_LANGUAGE_STANDARD = "c++1z";
				CONFIGURATION_BUILD_DIR = "$(SYMROOT)";
				CONFIGURATION_TEMP_DIR = "$(OBJROOT)";
				FRAMEWORK_SEARCH_PATHS = (
					/Library/Frameworks,
				);
				GCC_OPTIMIZATION_LEVEL = 3;
				GCC_PREPROCESSOR_DEFINITIONS = (
					PUK_OSX,
				);
				GCC_SYMBOLS_PRIVATE_EXTERN = NO;
				GCC_WARN_ABOUT_RETURN_TYPE = YES;
				GCC_WARN_UNUSED_VARIABLE = YES;
				OBJROOT = "../../bin-int/Release-macosx-x86_64/Sandbox";
				ONLY_ACTIVE_ARCH = NO;
				SYMROOT = "../../bin/Release-macosx-x86_64/Sandbox";
				USER_HEADER_SEARCH_PATHS = (
					../../vendor/spdlog/include,
					../PUKEngine/include,
				);
			};
			name = Release;
		};
		BB4E484FFB7591E778D21D8E43E67619A1291F788854827 /* Release */ = {
			isa = XCBuildConfiguration;
			buildSettings = {
				ALWAYS_SEARCH_USER_PATHS = NO;
				CONFIGURATION_BUILD_DIR = "../../bin/Release-macosx-x86_64/Sandbox";
				DEBUG_INFORMATION_FORMAT = "dwarf-with-dsym";
				GCC_DYNAMIC_NO_PIC = NO;
				INSTALL_PATH = /usr/local/bin;
				PRODUCT_NAME = Sandbox;
			};
			name = Release;
		};
		CFB6CBD5C5DDD7ADD1C4C971EC04075FE6D2F365530AFDED /* Debug */ = {
			isa = XCBuildConfiguration;
			buildSettings = {
				ALWAYS_SEARCH_USER_PATHS = NO;
				CONFIGURATION_BUILD_DIR = "../../bin/Debug-macosx-x86_64/Sandbox";
				DEBUG_INFORMATION_FORMAT = "dwarf-with-dsym";
				GCC_DYNAMIC_NO_PIC = NO;
				INSTALL_PATH = /usr/local/bin;
				PRODUCT_NAME = Sandbox;
			};
			name = Debug;
		};
/* End XCBuildConfiguration section */

/* Begin XCConfigurationList section */
		1DEB928908733DD80010E9CD /* Build configuration list for PBXProject "Sandbox" */ = {
			isa = XCConfigurationList;
			buildConfigurations = (
				26D73137E3FEB5DE3B45183E874A3F1091D594EFA21B0C1E /* Debug */,
				39B49866D2EB7F9821385BA3773E1D4A5DDAC906897665D8 /* Release */,
			);
			defaultConfigurationIsVisible = 0;
			defaultConfigurationName = Debug;
		};
		FF90C54FE7F4F06743859682380885194889B788BA86B6A7 /* Build configuration list for PBXNativeTarget "Sandbox" */ = {
			isa = XCConfigurationList;
			buildConfigurations = (
				CFB6CBD5C5DDD7ADD1C4C971EC04075FE6D2F365530AFDED /* Debug */,
				BB4E484FFB7591E778D21D8E43E67619A1291F788854827 /* Release */,
			);
			defaultConfigurationIsVisible = 0;
			defaultConfigurationName = Debug;
		};
/* End XCConfigurationList section */
};
rootObject = 08FB7793FE84155DC02AAC07 /* Project object */;
}