<?xml version="1.0" encoding="utf-8"?>
<Project ToolsVersion="4.0" xmlns="http://schemas.microsoft.com/developer/msbuild/2003">
  <ItemGroup>
    <Filter Include="include">
      <UniqueIdentifier>{89AF369E-F58E-B539-FEA6-40106A051C9B}</UniqueIdentifier>
    </Filter>
    <Filter Include="include\Entities">
      <UniqueIdentifier>{5D523498-494B-53EA-727D-386F5ED532F6}</UniqueIdentifier>
    </Filter>
    <Filter Include="include\Worlds">
      <UniqueIdentifier>{73AD312A-5F7B-2530-480F-9656347C0195}</UniqueIdentifier>
    </Filter>
    <Filter Include="src">
      <UniqueIdentifier>{2DAB880B-99B4-887C-2230-9F7C8E38947C}</UniqueIdentifier>
    </Filter>
    <Filter Include="src\Worlds">
      <UniqueIdentifier>{97A84738-8360-8985-EC67-62E1D83E2476}</UniqueIdentifier>
    </Filter>
  </ItemGroup>
  <ItemGroup>
    <ClInclude Include="include\Entities\Ball.hpp">
      <Filter>include\Entities</Filter>
    </ClInclude>
    <ClInclude Include="include\Entities\Paddle.hpp">
      <Filter>include\Entities</Filter>
    </ClInclude>
    <ClInclude Include="include\Worlds\ArkanoidWorld.hpp">
      <Filter>include\Worlds</Filter>
    </ClInclude>
    <ClInclude Include="include\Worlds\MenuWorld.hpp">
      <Filter>include\Worlds</Filter>
    </ClInclude>
  </ItemGroup>
  <ItemGroup>
    <ClCompile Include="src\Worlds\ArkanoidWorld.cpp">
      <Filter>src\Worlds</Filter>
    </ClCompile>
    <ClCompile Include="src\main.cpp">
      <Filter>src</Filter>
    </ClCompile>
  </ItemGroup>
</Project>